
Microsoft Visual Studio Solution File, Format Version 12.00
# Visual Studio 15
VisualStudioVersion = 15.0.26730.16
MinimumVisualStudioVersion = 10.0.40219.1
Project("{FAE04EC0-301F-11D3-BF4B-00C04F79EFBC}") = "GuruBanking", "GuruBanking\GuruBanking.csproj", "{B1B56212-128E-48F7-95BD-5A94A955AD20}"
EndProject
Global
	GlobalSection(SolutionConfigurationPlatforms) = preSolution
		Debug|Any CPU = Debug|Any CPU
		Release|Any CPU = Release|Any CPU
	EndGlobalSection
	GlobalSection(ProjectConfigurationPlatforms) = postSolution
		{B1B56212-128E-48F7-95BD-5A94A955AD20}.Debug|Any CPU.ActiveCfg = Debug|Any CPU
		{B1B56212-128E-48F7-95BD-5A94A955AD20}.Debug|Any CPU.Build.0 = Debug|Any CPU
		{B1B56212-128E-48F7-95BD-5A94A955AD20}.Release|Any CPU.ActiveCfg = Release|Any CPU
		{B1B56212-128E-48F7-95BD-5A94A955AD20}.Release|Any CPU.Build.0 = Release|Any CPU
	EndGlobalSection
	GlobalSection(SolutionProperties) = preSolution
		HideSolutionNode = FALSE
	EndGlobalSection
	GlobalSection(ExtensibilityGlobals) = postSolution
		SolutionGuid = {ED390682-E7CE-41B1-A6C7-2534E45B4F31}
	EndGlobalSection
EndGlobal
